
Microsoft Visual Studio Solution File, Format Version 12.00
# Visual Studio 15
VisualStudioVersion = 15.0.26228.9
MinimumVisualStudioVersion = 10.0.40219.1
Project("{FAE04EC0-301F-11D3-BF4B-00C04F79EFBC}") = "SharpChain.Console", "SharpChain\SharpChain.Console.csproj", "{1CAD5BDB-060D-4541-A4AF-58B0CEB04EF8}"
EndProject
Project("{FAE04EC0-301F-11D3-BF4B-00C04F79EFBC}") = "BlockChain", "BlockChain\BlockChain.csproj", "{874D7F7E-BF34-4E85-B267-FA02AD4A600F}"
EndProject
Global
	GlobalSection(SolutionConfigurationPlatforms) = preSolution
		Debug|Any CPU = Debug|Any CPU
		Release|Any CPU = Release|Any CPU
	EndGlobalSection
	GlobalSection(ProjectConfigurationPlatforms) = postSolution
		{1CAD5BDB-060D-4541-A4AF-58B0CEB04EF8}.Debug|Any CPU.ActiveCfg = Debug|Any CPU
		{1CAD5BDB-060D-4541-A4AF-58B0CEB04EF8}.Debug|Any CPU.Build.0 = Debug|Any CPU
		{1CAD5BDB-060D-4541-A4AF-58B0CEB04EF8}.Release|Any CPU.ActiveCfg = Release|Any CPU
		{1CAD5BDB-060D-4541-A4AF-58B0CEB04EF8}.Release|Any CPU.Build.0 = Release|Any CPU
		{874D7F7E-BF34-4E85-B267-FA02AD4A600F}.Debug|Any CPU.ActiveCfg = Debug|Any CPU
		{874D7F7E-BF34-4E85-B267-FA02AD4A600F}.Debug|Any CPU.Build.0 = Debug|Any CPU
		{874D7F7E-BF34-4E85-B267-FA02AD4A600F}.Release|Any CPU.ActiveCfg = Release|Any CPU
		{874D7F7E-BF34-4E85-B267-FA02AD4A600F}.Release|Any CPU.Build.0 = Release|Any CPU
	EndGlobalSection
	GlobalSection(SolutionProperties) = preSolution
		HideSolutionNode = FALSE
	EndGlobalSection
EndGlobal
